
Microsoft Visual Studio Solution File, Format Version 12.00
# Visual Studio Version 17
VisualStudioVersion = 17.3.32825.248
MinimumVisualStudioVersion = 10.0.40219.1
Project("{FAE04EC0-301F-11D3-BF4B-00C04F79EFBC}") = "DemoClass", "DemoClass\DemoClass.csproj", "{1BAF3912-9089-4C0D-A02F-A4E09B7E8776}"
EndProject
Global
	GlobalSection(SolutionConfigurationPlatforms) = preSolution
		Debug|Any CPU = Debug|Any CPU
		Release|Any CPU = Release|Any CPU
	EndGlobalSection
	GlobalSection(ProjectConfigurationPlatforms) = postSolution
		{1BAF3912-9089-4C0D-A02F-A4E09B7E8776}.Debug|Any CPU.ActiveCfg = Debug|Any CPU
		{1BAF3912-9089-4C0D-A02F-A4E09B7E8776}.Debug|Any CPU.Build.0 = Debug|Any CPU
		{1BAF3912-9089-4C0D-A02F-A4E09B7E8776}.Release|Any CPU.ActiveCfg = Release|Any CPU
		{1BAF3912-9089-4C0D-A02F-A4E09B7E8776}.Release|Any CPU.Build.0 = Release|Any CPU
	EndGlobalSection
	GlobalSection(SolutionProperties) = preSolution
		HideSolutionNode = FALSE
	EndGlobalSection
	GlobalSection(ExtensibilityGlobals) = postSolution
		SolutionGuid = {CE8DFE5B-D526-42B6-9D7E-A6668C644AAA}
	EndGlobalSection
EndGlobal
